
Microsoft Visual Studio Solution File, Format Version 12.00
# Visual Studio 2012
Project("{FAE04EC0-301F-11D3-BF4B-00C04F79EFBC}") = "curso8", "curso8\curso8.csproj", "{CAE1ADC8-973B-4158-A9F5-5212F496D5EB}"
EndProject
Global
	GlobalSection(SolutionConfigurationPlatforms) = preSolution
		Debug|Any CPU = Debug|Any CPU
		Release|Any CPU = Release|Any CPU
	EndGlobalSection
	GlobalSection(ProjectConfigurationPlatforms) = postSolution
		{CAE1ADC8-973B-4158-A9F5-5212F496D5EB}.Debug|Any CPU.ActiveCfg = Debug|Any CPU
		{CAE1ADC8-973B-4158-A9F5-5212F496D5EB}.Debug|Any CPU.Build.0 = Debug|Any CPU
		{CAE1ADC8-973B-4158-A9F5-5212F496D5EB}.Release|Any CPU.ActiveCfg = Release|Any CPU
		{CAE1ADC8-973B-4158-A9F5-5212F496D5EB}.Release|Any CPU.Build.0 = Release|Any CPU
	EndGlobalSection
	GlobalSection(SolutionProperties) = preSolution
		HideSolutionNode = FALSE
	EndGlobalSection
EndGlobal
